{
  "name": "user-creator",
  "version": "1.0.0",
  "lockfileVersion": 1,
  "requires": true,
  "dependencies": {
    "node-simple-router": {
      "version": "0.10.1",
      "resolved": "https://registry.npmjs.org/node-simple-router/-/node-simple-router-0.10.1.tgz",
      "integrity": "sha1-jeMS7gipp4OeXr3itX/ESTtKgug="
    },
    "useradd": {
      "version": "github:codealchemist/node-useradd#7d99535982b317451d215f840cd98d939cbfa871"
    }
  }
}
